
Microsoft Visual Studio Solution File, Format Version 12.00
# Visual Studio Version 17
VisualStudioVersion = 17.9.34723.18
MinimumVisualStudioVersion = 10.0.40219.1
Project("{FAE04EC0-301F-11D3-BF4B-00C04F79EFBC}") = "Revision_Selenium_006", "Revision_Selenium_006\Revision_Selenium_006.csproj", "{339483AD-A9A0-4D94-B5FE-A963805E901A}"
EndProject
Global
	GlobalSection(SolutionConfigurationPlatforms) = preSolution
		Debug|Any CPU = Debug|Any CPU
		Release|Any CPU = Release|Any CPU
	EndGlobalSection
	GlobalSection(ProjectConfigurationPlatforms) = postSolution
		{339483AD-A9A0-4D94-B5FE-A963805E901A}.Debug|Any CPU.ActiveCfg = Debug|Any CPU
		{339483AD-A9A0-4D94-B5FE-A963805E901A}.Debug|Any CPU.Build.0 = Debug|Any CPU
		{339483AD-A9A0-4D94-B5FE-A963805E901A}.Release|Any CPU.ActiveCfg = Release|Any CPU
		{339483AD-A9A0-4D94-B5FE-A963805E901A}.Release|Any CPU.Build.0 = Release|Any CPU
	EndGlobalSection
	GlobalSection(SolutionProperties) = preSolution
		HideSolutionNode = FALSE
	EndGlobalSection
	GlobalSection(ExtensibilityGlobals) = postSolution
		SolutionGuid = {262C7678-F7B9-4B6C-8F28-B339270FDB2C}
	EndGlobalSection
EndGlobal
